{
  "name": "chrome-extension",
  "version": "1.0.0",
  "lockfileVersion": 1,
  "requires": true,
  "dependencies": {
    "@types/chrome": {
      "version": "0.0.47",
      "resolved": "https://registry.npmjs.org/@types/chrome/-/chrome-0.0.47.tgz",
      "integrity": "sha1-8m0wT3tH7BQqGUsD5FQ1XS1Sa74=",
      "dev": true,
      "requires": {
        "@types/filesystem": "0.0.28"
      },
      "dependencies": {
        "@types/filesystem": {
          "version": "0.0.28",
          "resolved": "https://registry.npmjs.org/@types/filesystem/-/filesystem-0.0.28.tgz",
          "integrity": "sha1-P9dzWDDyx0E8taxFeAvEWQRpew4=",
          "dev": true,
          "requires": {
            "@types/filewriter": "0.0.28"
          },
          "dependencies": {
            "@types/filewriter": {
              "version": "0.0.28",
              "resolved": "https://registry.npmjs.org/@types/filewriter/-/filewriter-0.0.28.tgz",
              "integrity": "sha1-wFTor02d11205jq8dviFFocU1LM=",
              "dev": true
            }
          }
        }
      }
    },
    "@types/whatwg-fetch": {
      "version": "0.0.33",
      "resolved": "https://registry.npmjs.org/@types/whatwg-fetch/-/whatwg-fetch-0.0.33.tgz",
      "integrity": "sha1-GcDShjyMsjgPIaHHNrecv3iVuxM=",
      "requires": {
        "@types/whatwg-streams": "0.0.3"
      }
    },
    "@types/whatwg-streams": {
      "version": "0.0.3",
      "resolved": "https://registry.npmjs.org/@types/whatwg-streams/-/whatwg-streams-0.0.3.tgz",
      "integrity": "sha1-SFPYafPibVrf0NlAe27c5xbQa/4="
    },
    "colors.css": {
      "version": "3.0.0",
      "resolved": "https://registry.npmjs.org/colors.css/-/colors.css-3.0.0.tgz",
      "integrity": "sha1-URz0L7inGZqMvvSciKTqTx2Pnvw=",
      "dev": true
    }
  }
}
